
Microsoft Visual Studio Solution File, Format Version 12.00
# Visual Studio Version 16
VisualStudioVersion = 16.0.30413.136
MinimumVisualStudioVersion = 10.0.40219.1
Project("{FAE04EC0-301F-11D3-BF4B-00C04F79EFBC}") = "Bently", "Bently\Bently.csproj", "{73B91506-92D0-4446-A40B-DB50A5DCC4CE}"
EndProject
Global
	GlobalSection(SolutionConfigurationPlatforms) = preSolution
		Debug|Any CPU = Debug|Any CPU
		Release|Any CPU = Release|Any CPU
	EndGlobalSection
	GlobalSection(ProjectConfigurationPlatforms) = postSolution
		{73B91506-92D0-4446-A40B-DB50A5DCC4CE}.Debug|Any CPU.ActiveCfg = Debug|Any CPU
		{73B91506-92D0-4446-A40B-DB50A5DCC4CE}.Debug|Any CPU.Build.0 = Debug|Any CPU
		{73B91506-92D0-4446-A40B-DB50A5DCC4CE}.Release|Any CPU.ActiveCfg = Release|Any CPU
		{73B91506-92D0-4446-A40B-DB50A5DCC4CE}.Release|Any CPU.Build.0 = Release|Any CPU
	EndGlobalSection
	GlobalSection(SolutionProperties) = preSolution
		HideSolutionNode = FALSE
	EndGlobalSection
	GlobalSection(ExtensibilityGlobals) = postSolution
		SolutionGuid = {0E85B947-6971-4B36-8671-9ACF1EDDE356}
	EndGlobalSection
EndGlobal
